
Microsoft Visual Studio Solution File, Format Version 12.00
# Visual Studio Version 17
VisualStudioVersion = 17.3.32811.315
MinimumVisualStudioVersion = 10.0.40219.1
Project("{FAE04EC0-301F-11D3-BF4B-00C04F79EFBC}") = "CHIPSZ", "CHIPSZ.csproj", "{E4CECA39-F3B3-4806-98BD-AB60CE76A68E}"
EndProject
Project("{FAE04EC0-301F-11D3-BF4B-00C04F79EFBC}") = "CHIPSZTest", "..\CHIPSZTest\CHIPSZTest.csproj", "{83D2FC21-C247-4456-936E-8F8842669A65}"
EndProject
Project("{FAE04EC0-301F-11D3-BF4B-00C04F79EFBC}") = "CHIPSZClassLibrary", "..\CHIPSZClassLibrary\CHIPSZClassLibrary.csproj", "{18B2560E-AF58-4BA0-9752-185D310F05D9}"
EndProject
Global
	GlobalSection(SolutionConfigurationPlatforms) = preSolution
		Debug|Any CPU = Debug|Any CPU
		Debug|ARM = Debug|ARM
		Debug|ARM64 = Debug|ARM64
		Debug|x64 = Debug|x64
		Debug|x86 = Debug|x86
		Release|Any CPU = Release|Any CPU
		Release|ARM = Release|ARM
		Release|ARM64 = Release|ARM64
		Release|x64 = Release|x64
		Release|x86 = Release|x86
	EndGlobalSection
	GlobalSection(ProjectConfigurationPlatforms) = postSolution
		{E4CECA39-F3B3-4806-98BD-AB60CE76A68E}.Debug|Any CPU.ActiveCfg = Debug|x64
		{E4CECA39-F3B3-4806-98BD-AB60CE76A68E}.Debug|Any CPU.Build.0 = Debug|x64
		{E4CECA39-F3B3-4806-98BD-AB60CE76A68E}.Debug|Any CPU.Deploy.0 = Debug|x64
		{E4CECA39-F3B3-4806-98BD-AB60CE76A68E}.Debug|ARM.ActiveCfg = Debug|x64
		{E4CECA39-F3B3-4806-98BD-AB60CE76A68E}.Debug|ARM.Build.0 = Debug|x64
		{E4CECA39-F3B3-4806-98BD-AB60CE76A68E}.Debug|ARM.Deploy.0 = Debug|x64
		{E4CECA39-F3B3-4806-98BD-AB60CE76A68E}.Debug|ARM64.ActiveCfg = Debug|ARM64
		{E4CECA39-F3B3-4806-98BD-AB60CE76A68E}.Debug|ARM64.Build.0 = Debug|ARM64
		{E4CECA39-F3B3-4806-98BD-AB60CE76A68E}.Debug|ARM64.Deploy.0 = Debug|ARM64
		{E4CECA39-F3B3-4806-98BD-AB60CE76A68E}.Debug|x64.ActiveCfg = Debug|x64
		{E4CECA39-F3B3-4806-98BD-AB60CE76A68E}.Debug|x64.Build.0 = Debug|x64
		{E4CECA39-F3B3-4806-98BD-AB60CE76A68E}.Debug|x64.Deploy.0 = Debug|x64
		{E4CECA39-F3B3-4806-98BD-AB60CE76A68E}.Debug|x86.ActiveCfg = Debug|x64
		{E4CECA39-F3B3-4806-98BD-AB60CE76A68E}.Debug|x86.Build.0 = Debug|x64
		{E4CECA39-F3B3-4806-98BD-AB60CE76A68E}.Debug|x86.Deploy.0 = Debug|x64
		{E4CECA39-F3B3-4806-98BD-AB60CE76A68E}.Release|Any CPU.ActiveCfg = Release|x64
		{E4CECA39-F3B3-4806-98BD-AB60CE76A68E}.Release|Any CPU.Build.0 = Release|x64
		{E4CECA39-F3B3-4806-98BD-AB60CE76A68E}.Release|Any CPU.Deploy.0 = Release|x64
		{E4CECA39-F3B3-4806-98BD-AB60CE76A68E}.Release|ARM.ActiveCfg = Release|x64
		{E4CECA39-F3B3-4806-98BD-AB60CE76A68E}.Release|ARM.Build.0 = Release|x64
		{E4CECA39-F3B3-4806-98BD-AB60CE76A68E}.Release|ARM.Deploy.0 = Release|x64
		{E4CECA39-F3B3-4806-98BD-AB60CE76A68E}.Release|ARM64.ActiveCfg = Release|ARM64
		{E4CECA39-F3B3-4806-98BD-AB60CE76A68E}.Release|ARM64.Build.0 = Release|ARM64
		{E4CECA39-F3B3-4806-98BD-AB60CE76A68E}.Release|ARM64.Deploy.0 = Release|ARM64
		{E4CECA39-F3B3-4806-98BD-AB60CE76A68E}.Release|x64.ActiveCfg = Release|x64
		{E4CECA39-F3B3-4806-98BD-AB60CE76A68E}.Release|x64.Build.0 = Release|x64
		{E4CECA39-F3B3-4806-98BD-AB60CE76A68E}.Release|x64.Deploy.0 = Release|x64
		{E4CECA39-F3B3-4806-98BD-AB60CE76A68E}.Release|x86.ActiveCfg = Release|x64
		{E4CECA39-F3B3-4806-98BD-AB60CE76A68E}.Release|x86.Build.0 = Release|x64
		{E4CECA39-F3B3-4806-98BD-AB60CE76A68E}.Release|x86.Deploy.0 = Release|x64
		{83D2FC21-C247-4456-936E-8F8842669A65}.Debug|Any CPU.ActiveCfg = Debug|x64
		{83D2FC21-C247-4456-936E-8F8842669A65}.Debug|Any CPU.Build.0 = Debug|x64
		{83D2FC21-C247-4456-936E-8F8842669A65}.Debug|Any CPU.Deploy.0 = Debug|x64
		{83D2FC21-C247-4456-936E-8F8842669A65}.Debug|ARM.ActiveCfg = Debug|ARM
		{83D2FC21-C247-4456-936E-8F8842669A65}.Debug|ARM.Build.0 = Debug|ARM
		{83D2FC21-C247-4456-936E-8F8842669A65}.Debug|ARM.Deploy.0 = Debug|ARM
		{83D2FC21-C247-4456-936E-8F8842669A65}.Debug|ARM64.ActiveCfg = Debug|ARM64
		{83D2FC21-C247-4456-936E-8F8842669A65}.Debug|ARM64.Build.0 = Debug|ARM64
		{83D2FC21-C247-4456-936E-8F8842669A65}.Debug|ARM64.Deploy.0 = Debug|ARM64
		{83D2FC21-C247-4456-936E-8F8842669A65}.Debug|x64.ActiveCfg = Debug|x64
		{83D2FC21-C247-4456-936E-8F8842669A65}.Debug|x64.Build.0 = Debug|x64
		{83D2FC21-C247-4456-936E-8F8842669A65}.Debug|x64.Deploy.0 = Debug|x64
		{83D2FC21-C247-4456-936E-8F8842669A65}.Debug|x86.ActiveCfg = Debug|x86
		{83D2FC21-C247-4456-936E-8F8842669A65}.Debug|x86.Build.0 = Debug|x86
		{83D2FC21-C247-4456-936E-8F8842669A65}.Debug|x86.Deploy.0 = Debug|x86
		{83D2FC21-C247-4456-936E-8F8842669A65}.Release|Any CPU.ActiveCfg = Release|x64
		{83D2FC21-C247-4456-936E-8F8842669A65}.Release|Any CPU.Build.0 = Release|x64
		{83D2FC21-C247-4456-936E-8F8842669A65}.Release|Any CPU.Deploy.0 = Release|x64
		{83D2FC21-C247-4456-936E-8F8842669A65}.Release|ARM.ActiveCfg = Release|ARM
		{83D2FC21-C247-4456-936E-8F8842669A65}.Release|ARM.Build.0 = Release|ARM
		{83D2FC21-C247-4456-936E-8F8842669A65}.Release|ARM.Deploy.0 = Release|ARM
		{83D2FC21-C247-4456-936E-8F8842669A65}.Release|ARM64.ActiveCfg = Release|ARM64
		{83D2FC21-C247-4456-936E-8F8842669A65}.Release|ARM64.Build.0 = Release|ARM64
		{83D2FC21-C247-4456-936E-8F8842669A65}.Release|ARM64.Deploy.0 = Release|ARM64
		{83D2FC21-C247-4456-936E-8F8842669A65}.Release|x64.ActiveCfg = Release|x64
		{83D2FC21-C247-4456-936E-8F8842669A65}.Release|x64.Build.0 = Release|x64
		{83D2FC21-C247-4456-936E-8F8842669A65}.Release|x64.Deploy.0 = Release|x64
		{83D2FC21-C247-4456-936E-8F8842669A65}.Release|x86.ActiveCfg = Release|x86
		{83D2FC21-C247-4456-936E-8F8842669A65}.Release|x86.Build.0 = Release|x86
		{83D2FC21-C247-4456-936E-8F8842669A65}.Release|x86.Deploy.0 = Release|x86
		{18B2560E-AF58-4BA0-9752-185D310F05D9}.Debug|Any CPU.ActiveCfg = Debug|Any CPU
		{18B2560E-AF58-4BA0-9752-185D310F05D9}.Debug|Any CPU.Build.0 = Debug|Any CPU
		{18B2560E-AF58-4BA0-9752-185D310F05D9}.Debug|ARM.ActiveCfg = Debug|ARM
		{18B2560E-AF58-4BA0-9752-185D310F05D9}.Debug|ARM.Build.0 = Debug|ARM
		{18B2560E-AF58-4BA0-9752-185D310F05D9}.Debug|ARM64.ActiveCfg = Debug|ARM64
		{18B2560E-AF58-4BA0-9752-185D310F05D9}.Debug|ARM64.Build.0 = Debug|ARM64
		{18B2560E-AF58-4BA0-9752-185D310F05D9}.Debug|x64.ActiveCfg = Debug|x64
		{18B2560E-AF58-4BA0-9752-185D310F05D9}.Debug|x64.Build.0 = Debug|x64
		{18B2560E-AF58-4BA0-9752-185D310F05D9}.Debug|x86.ActiveCfg = Debug|x86
		{18B2560E-AF58-4BA0-9752-185D310F05D9}.Debug|x86.Build.0 = Debug|x86
		{18B2560E-AF58-4BA0-9752-185D310F05D9}.Release|Any CPU.ActiveCfg = Release|Any CPU
		{18B2560E-AF58-4BA0-9752-185D310F05D9}.Release|Any CPU.Build.0 = Release|Any CPU
		{18B2560E-AF58-4BA0-9752-185D310F05D9}.Release|ARM.ActiveCfg = Release|ARM
		{18B2560E-AF58-4BA0-9752-185D310F05D9}.Release|ARM.Build.0 = Release|ARM
		{18B2560E-AF58-4BA0-9752-185D310F05D9}.Release|ARM64.ActiveCfg = Release|ARM64
		{18B2560E-AF58-4BA0-9752-185D310F05D9}.Release|ARM64.Build.0 = Release|ARM64
		{18B2560E-AF58-4BA0-9752-185D310F05D9}.Release|x64.ActiveCfg = Release|x64
		{18B2560E-AF58-4BA0-9752-185D310F05D9}.Release|x64.Build.0 = Release|x64
		{18B2560E-AF58-4BA0-9752-185D310F05D9}.Release|x86.ActiveCfg = Release|x86
		{18B2560E-AF58-4BA0-9752-185D310F05D9}.Release|x86.Build.0 = Release|x86
	EndGlobalSection
	GlobalSection(SolutionProperties) = preSolution
		HideSolutionNode = FALSE
	EndGlobalSection
	GlobalSection(ExtensibilityGlobals) = postSolution
		SolutionGuid = {4A3B0912-CC2A-410D-B91B-BDBE62C0DC97}
	EndGlobalSection
EndGlobal
